// !$*UTF8*$!
{
	archiveVersion = 1;
	classes = {
	};
	objectVersion = 46;
	objects = {

/* Begin PBXBuildFile section */
		8040EECA1F67D3640037B915 /* main.m in Sources */ = {isa = PBXBuildFile; fileRef = 8040EEC91F67D3640037B915 /* main.m */; };
		8040EECD1F67D3640037B915 /* AppDelegate.m in Sources */ = {isa = PBXBuildFile; fileRef = 8040EECC1F67D3640037B915 /* AppDelegate.m */; };
		8040EED01F67D3640037B915 /* ViewController.m in Sources */ = {isa = PBXBuildFile; fileRef = 8040EECF1F67D3640037B915 /* ViewController.m */; };
		8040EED51F67D3640037B915 /* Assets.xcassets in Resources */ = {isa = PBXBuildFile; fileRef = 8040EED41F67D3640037B915 /* Assets.xcassets */; };
		8040EED81F67D3640037B915 /* LaunchScreen.storyboard in Resources */ = {isa = PBXBuildFile; fileRef = 8040EED61F67D3640037B915 /* LaunchScreen.storyboard */; };
		8040EEE01F67D3900037B915 /* Lay.storyboard in Resources */ = {isa = PBXBuildFile; fileRef = 8040EEDF1F67D3900037B915 /* Lay.storyboard */; };
		8040EEE31F67D9F50037B915 /* FunTableViewController.m in Sources */ = {isa = PBXBuildFile; fileRef = 8040EEE21F67D9F50037B915 /* FunTableViewController.m */; };
		8040EEE61F67E0EF0037B915 /* FunCell.m in Sources */ = {isa = PBXBuildFile; fileRef = 8040EEE51F67E0EF0037B915 /* FunCell.m */; };
		8040EEE91F67E55B0037B915 /* PlayerDetailsViewController.m in Sources */ = {isa = PBXBuildFile; fileRef = 8040EEE81F67E55B0037B915 /* PlayerDetailsViewController.m */; };
/* End PBXBuildFile section */

/* Begin PBXFileReference section */
		8040EEC51F67D3640037B915 /* autoLayout.app */ = {isa = PBXFileReference; explicitFileType = wrapper.application; includeInIndex = 0; path = autoLayout.app; sourceTree = BUILT_PRODUCTS_DIR; };
		8040EEC91F67D3640037B915 /* main.m */ = {isa = PBXFileReference; lastKnownFileType = sourcecode.c.objc; path = main.m; sourceTree = "<group>"; };
		8040EECB1F67D3640037B915 /* AppDelegate.h */ = {isa = PBXFileReference; lastKnownFileType = sourcecode.c.h; path = AppDelegate.h; sourceTree = "<group>"; };
		8040EECC1F67D3640037B915 /* AppDelegate.m */ = {isa = PBXFileReference; lastKnownFileType = sourcecode.c.objc; path = AppDelegate.m; sourceTree = "<group>"; };
		8040EECE1F67D3640037B915 /* ViewController.h */ = {isa = PBXFileReference; lastKnownFileType = sourcecode.c.h; path = ViewController.h; sourceTree = "<group>"; };
		8040EECF1F67D3640037B915 /* ViewController.m */ = {isa = PBXFileReference; lastKnownFileType = sourcecode.c.objc; path = ViewController.m; sourceTree = "<group>"; };
		8040EED41F67D3640037B915 /* Assets.xcassets */ = {isa = PBXFileReference; lastKnownFileType = folder.assetcatalog; path = Assets.xcassets; sourceTree = "<group>"; };
		8040EED71F67D3640037B915 /* Base */ = {isa = PBXFileReference; lastKnownFileType = file.storyboard; name = Base; path = Base.lproj/LaunchScreen.storyboard; sourceTree = "<group>"; };
		8040EED91F67D3640037B915 /* Info.plist */ = {isa = PBXFileReference; lastKnownFileType = text.plist.xml; path = Info.plist; sourceTree = "<group>"; };
		8040EEDF1F67D3900037B915 /* Lay.storyboard */ = {isa = PBXFileReference; fileEncoding = 4; lastKnownFileType = file.storyboard; path = Lay.storyboard; sourceTree = "<group>"; };
		8040EEE11F67D9F50037B915 /* FunTableViewController.h */ = {isa = PBXFileReference; fileEncoding = 4; lastKnownFileType = sourcecode.c.h; path = FunTableViewController.h; sourceTree = "<group>"; };
		8040EEE21F67D9F50037B915 /* FunTableViewController.m */ = {isa = PBXFileReference; fileEncoding = 4; lastKnownFileType = sourcecode.c.objc; path = FunTableViewController.m; sourceTree = "<group>"; };
		8040EEE41F67E0EF0037B915 /* FunCell.h */ = {isa = PBXFileReference; fileEncoding = 4; lastKnownFileType = sourcecode.c.h; path = FunCell.h; sourceTree = "<group>"; };
		8040EEE51F67E0EF0037B915 /* FunCell.m */ = {isa = PBXFileReference; fileEncoding = 4; lastKnownFileType = sourcecode.c.objc; path = FunCell.m; sourceTree = "<group>"; };
		8040EEE71F67E55B0037B915 /* PlayerDetailsViewController.h */ = {isa = PBXFileReference; fileEncoding = 4; lastKnownFileType = sourcecode.c.h; path = PlayerDetailsViewController.h; sourceTree = "<group>"; };
		8040EEE81F67E55B0037B915 /* PlayerDetailsViewController.m */ = {isa = PBXFileReference; fileEncoding = 4; lastKnownFileType = sourcecode.c.objc; path = PlayerDetailsViewController.m; sourceTree = "<group>"; };
/* End PBXFileReference section */

/* Begin PBXFrameworksBuildPhase section */
		8040EEC21F67D3640037B915 /* Frameworks */ = {
			isa = PBXFrameworksBuildPhase;
			buildActionMask = 2147483647;
			files = (
			);
			runOnlyForDeploymentPostprocessing = 0;
		};
/* End PBXFrameworksBuildPhase section */

/* Begin PBXGroup section */
		8040EEBC1F67D3640037B915 = {
			isa = PBXGroup;
			children = (
				8040EEC71F67D3640037B915 /* autoLayout */,
				8040EEC61F67D3640037B915 /* Products */,
			);
			sourceTree = "<group>";
		};
		8040EEC61F67D3640037B915 /* Products */ = {
			isa = PBXGroup;
			children = (
				8040EEC51F67D3640037B915 /* autoLayout.app */,
			);
			name = Products;
			sourceTree = "<group>";
		};
		8040EEC71F67D3640037B915 /* autoLayout */ = {
			isa = PBXGroup;
			children = (
				8040EECB1F67D3640037B915 /* AppDelegate.h */,
				8040EECC1F67D3640037B915 /* AppDelegate.m */,
				8040EECE1F67D3640037B915 /* ViewController.h */,
				8040EECF1F67D3640037B915 /* ViewController.m */,
				8040EEE11F67D9F50037B915 /* FunTableViewController.h */,
				8040EEE21F67D9F50037B915 /* FunTableViewController.m */,
				8040EEE71F67E55B0037B915 /* PlayerDetailsViewController.h */,
				8040EEE81F67E55B0037B915 /* PlayerDetailsViewController.m */,
				8040EEE41F67E0EF0037B915 /* FunCell.h */,
				8040EEE51F67E0EF0037B915 /* FunCell.m */,
				8040EEDF1F67D3900037B915 /* Lay.storyboard */,
				8040EED41F67D3640037B915 /* Assets.xcassets */,
				8040EED61F67D3640037B915 /* LaunchScreen.storyboard */,
				8040EED91F67D3640037B915 /* Info.plist */,
				8040EEC81F67D3640037B915 /* Supporting Files */,
			);
			path = autoLayout;
			sourceTree = "<group>";
		};
		8040EEC81F67D3640037B915 /* Supporting Files */ = {
			isa = PBXGroup;
			children = (
				8040EEC91F67D3640037B915 /* main.m */,
			);
			name = "Supporting Files";
			sourceTree = "<group>";
		};
/* End PBXGroup section */

/* Begin PBXNativeTarget section */
		8040EEC41F67D3640037B915 /* autoLayout */ = {
			isa = PBXNativeTarget;
			buildConfigurationList = 8040EEDC1F67D3640037B915 /* Build configuration list for PBXNativeTarget "autoLayout" */;
			buildPhases = (
				8040EEC11F67D3640037B915 /* Sources */,
				8040EEC21F67D3640037B915 /* Frameworks */,
				8040EEC31F67D3640037B915 /* Resources */,
			);
			buildRules = (
			);
			dependencies = (
			);
			name = autoLayout;
			productName = autoLayout;
			productReference = 8040EEC51F67D3640037B915 /* autoLayout.app */;
			productType = "com.apple.product-type.application";
		};
/* End PBXNativeTarget section */

/* Begin PBXProject section */
		8040EEBD1F67D3640037B915 /* Project object */ = {
			isa = PBXProject;
			attributes = {
				LastUpgradeCheck = 0830;
				ORGANIZATIONNAME = Teo;
				TargetAttributes = {
					8040EEC41F67D3640037B915 = {
						CreatedOnToolsVersion = 8.3.1;
						ProvisioningStyle = Automatic;
					};
				};
			};
			buildConfigurationList = 8040EEC01F67D3640037B915 /* Build configuration list for PBXProject "autoLayout" */;
			compatibilityVersion = "Xcode 3.2";
			developmentRegion = English;
			hasScannedForEncodings = 0;
			knownRegions = (
				en,
				Base,
			);
			mainGroup = 8040EEBC1F67D3640037B915;
			productRefGroup = 8040EEC61F67D3640037B915 /* Products */;
			projectDirPath = "";
			projectRoot = "";
			targets = (
				8040EEC41F67D3640037B915 /* autoLayout */,
			);
		};
/* End PBXProject section */

/* Begin PBXResourcesBuildPhase section */
		8040EEC31F67D3640037B915 /* Resources */ = {
			isa = PBXResourcesBuildPhase;
			buildActionMask = 2147483647;
			files = (
				8040EED81F67D3640037B915 /* LaunchScreen.storyboard in Resources */,
				8040EEE01F67D3900037B915 /* Lay.storyboard in Resources */,
				8040EED51F67D3640037B915 /* Assets.xcassets in Resources */,
			);
			runOnlyForDeploymentPostprocessing = 0;
		};
/* End PBXResourcesBuildPhase section */

/* Begin PBXSourcesBuildPhase section */
		8040EEC11F67D3640037B915 /* Sources */ = {
			isa = PBXSourcesBuildPhase;
			buildActionMask = 2147483647;
			files = (
				8040EED01F67D3640037B915 /* ViewController.m in Sources */,
				8040EECD1F67D3640037B915 /* AppDelegate.m in Sources */,
				8040EEE91F67E55B0037B915 /* PlayerDetailsViewController.m in Sources */,
				8040EECA1F67D3640037B915 /* main.m in Sources */,
				8040EEE31F67D9F50037B915 /* FunTableViewController.m in Sources */,
				8040EEE61F67E0EF0037B915 /* FunCell.m in Sources */,
			);
			runOnlyForDeploymentPostprocessing = 0;
		};
/* End PBXSourcesBuildPhase section */

/* Begin PBXVariantGroup section */
		8040EED61F67D3640037B915 /* LaunchScreen.storyboard */ = {
			isa = PBXVariantGroup;
			children = (
				8040EED71F67D3640037B915 /* Base */,
			);
			name = LaunchScreen.storyboard;
			sourceTree = "<group>";
		};
/* End PBXVariantGroup section */

/* Begin XCBuildConfiguration section */
		8040EEDA1F67D3640037B915 /* Debug */ = {
			isa = XCBuildConfiguration;
			buildSettings = {
				ALWAYS_SEARCH_USER_PATHS = NO;
				CLANG_ANALYZER_NONNULL = YES;
				CLANG_ANALYZER_NUMBER_OBJECT_CONVERSION = YES_AGGRESSIVE;
				CLANG_CXX_LANGUAGE_STANDARD = "gnu++0x";
				CLANG_CXX_LIBRARY = "libc++";
				CLANG_ENABLE_MODULES = YES;
				CLANG_ENABLE_OBJC_ARC = YES;
				CLANG_WARN_BOOL_CONVERSION = YES;
				CLANG_WARN_CONSTANT_CONVERSION = YES;
				CLANG_WARN_DIRECT_OBJC_ISA_USAGE = YES_ERROR;
				CLANG_WARN_DOCUMENTATION_COMMENTS = YES;
				CLANG_WARN_EMPTY_BODY = YES;
				CLANG_WARN_ENUM_CONVERSION = YES;
				CLANG_WARN_INFINITE_RECURSION = YES;
				CLANG_WARN_INT_CONVERSION = YES;
				CLANG_WARN_OBJC_ROOT_CLASS = YES_ERROR;
				CLANG_WARN_SUSPICIOUS_MOVE = YES;
				CLANG_WARN_UNREACHABLE_CODE = YES;
				CLANG_WARN__DUPLICATE_METHOD_MATCH = YES;
				"CODE_SIGN_IDENTITY[sdk=iphoneos*]" = "iPhone Developer";
				COPY_PHASE_STRIP = NO;
				DEBUG_INFORMATION_FORMAT = dwarf;
				ENABLE_STRICT_OBJC_MSGSEND = YES;
				ENABLE_TESTABILITY = YES;
				GCC_C_LANGUAGE_STANDARD = gnu99;
				GCC_DYNAMIC_NO_PIC = NO;
				GCC_NO_COMMON_BLOCKS = YES;
				GCC_OPTIMIZATION_LEVEL = 0;
				GCC_PREPROCESSOR_DEFINITIONS = (
					"DEBUG=1",
					"$(inherited)",
				);
				GCC_WARN_64_TO_32_BIT_CONVERSION = YES;
				GCC_WARN_ABOUT_RETURN_TYPE = YES_ERROR;
				GCC_WARN_UNDECLARED_SELECTOR = YES;
				GCC_WARN_UNINITIALIZED_AUTOS = YES_AGGRESSIVE;
				GCC_WARN_UNUSED_FUNCTION = YES;
				GCC_WARN_UNUSED_VARIABLE = YES;
				IPHONEOS_DEPLOYMENT_TARGET = 10.3;
				MTL_ENABLE_DEBUG_INFO = YES;
				ONLY_ACTIVE_ARCH = YES;
				SDKROOT = iphoneos;
			};
			name = Debug;
		};
		8040EEDB1F67D3640037B915 /* Release */ = {
			isa = XCBuildConfiguration;
			buildSettings = {
				ALWAYS_SEARCH_USER_PATHS = NO;
				CLANG_ANALYZER_NONNULL = YES;
				CLANG_ANALYZER_NUMBER_OBJECT_CONVERSION = YES_AGGRESSIVE;
				CLANG_CXX_LANGUAGE_STANDARD = "gnu++0x";
				CLANG_CXX_LIBRARY = "libc++";
				CLANG_ENABLE_MODULES = YES;
				CLANG_ENABLE_OBJC_ARC = YES;
				CLANG_WARN_BOOL_CONVERSION = YES;
				CLANG_WARN_CONSTANT_CONVERSION = YES;
				CLANG_WARN_DIRECT_OBJC_ISA_USAGE = YES_ERROR;
				CLANG_WARN_DOCUMENTATION_COMMENTS = YES;
				CLANG_WARN_EMPTY_BODY = YES;
				CLANG_WARN_ENUM_CONVERSION = YES;
				CLANG_WARN_INFINITE_RECURSION = YES;
				CLANG_WARN_INT_CONVERSION = YES;
				CLANG_WARN_OBJC_ROOT_CLASS = YES_ERROR;
				CLANG_WARN_SUSPICIOUS_MOVE = YES;
				CLANG_WARN_UNREACHABLE_CODE = YES;
				CLANG_WARN__DUPLICATE_METHOD_MATCH = YES;
				"CODE_SIGN_IDENTITY[sdk=iphoneos*]" = "iPhone Developer";
				COPY_PHASE_STRIP = NO;
				DEBUG_INFORMATION_FORMAT = "dwarf-with-dsym";
				ENABLE_NS_ASSERTIONS = NO;
				ENABLE_STRICT_OBJC_MSGSEND = YES;
				GCC_C_LANGUAGE_STANDARD = gnu99;
				GCC_NO_COMMON_BLOCKS = YES;
				GCC_WARN_64_TO_32_BIT_CONVERSION = YES;
				GCC_WARN_ABOUT_RETURN_TYPE = YES_ERROR;
				GCC_WARN_UNDECLARED_SELECTOR = YES;
				GCC_WARN_UNINITIALIZED_AUTOS = YES_AGGRESSIVE;
				GCC_WARN_UNUSED_FUNCTION = YES;
				GCC_WARN_UNUSED_VARIABLE = YES;
				IPHONEOS_DEPLOYMENT_TARGET = 10.3;
				MTL_ENABLE_DEBUG_INFO = NO;
				SDKROOT = iphoneos;
				VALIDATE_PRODUCT = YES;
			};
			name = Release;
		};
		8040EEDD1F67D3640037B915 /* Debug */ = {
			isa = XCBuildConfiguration;
			buildSettings = {
				ASSETCATALOG_COMPILER_APPICON_NAME = AppIcon;
				INFOPLIST_FILE = autoLayout/Info.plist;
				LD_RUNPATH_SEARCH_PATHS = "$(inherited) @executable_path/Frameworks";
				PRODUCT_BUNDLE_IDENTIFIER = Turkey.autoLayout;
				PRODUCT_NAME = "$(TARGET_NAME)";
			};
			name = Debug;
		};
		8040EEDE1F67D3640037B915 /* Release */ = {
			isa = XCBuildConfiguration;
			buildSettings = {
				ASSETCATALOG_COMPILER_APPICON_NAME = AppIcon;
				INFOPLIST_FILE = autoLayout/Info.plist;
				LD_RUNPATH_SEARCH_PATHS = "$(inherited) @executable_path/Frameworks";
				PRODUCT_BUNDLE_IDENTIFIER = Turkey.autoLayout;
				PRODUCT_NAME = "$(TARGET_NAME)";
			};
			name = Release;
		};
/* End XCBuildConfiguration section */

/* Begin XCConfigurationList section */
		8040EEC01F67D3640037B915 /* Build configuration list for PBXProject "autoLayout" */ = {
			isa = XCConfigurationList;
			buildConfigurations = (
				8040EEDA1F67D3640037B915 /* Debug */,
				8040EEDB1F67D3640037B915 /* Release */,
			);
			defaultConfigurationIsVisible = 0;
			defaultConfigurationName = Release;
		};
		8040EEDC1F67D3640037B915 /* Build configuration list for PBXNativeTarget "autoLayout" */ = {
			isa = XCConfigurationList;
			buildConfigurations = (
				8040EEDD1F67D3640037B915 /* Debug */,
				8040EEDE1F67D3640037B915 /* Release */,
			);
			defaultConfigurationIsVisible = 0;
		};
/* End XCConfigurationList section */
	};
	rootObject = 8040EEBD1F67D3640037B915 /* Project object */;
}
